
Microsoft Visual Studio Solution File, Format Version 11.00
# Visual Studio 2010
Project("{888888A0-9F3D-457C-B088-3A5042F75D52}") = "scrapy_for_learn", "scrapy_for_learn.pyproj", "{3DCE666B-4DF3-4E79-8AF7-2AEAE586A8CA}"
EndProject
Global
	GlobalSection(SolutionConfigurationPlatforms) = preSolution
		Debug|Any CPU = Debug|Any CPU
		Release|Any CPU = Release|Any CPU
	EndGlobalSection
	GlobalSection(ProjectConfigurationPlatforms) = postSolution
		{3DCE666B-4DF3-4E79-8AF7-2AEAE586A8CA}.Debug|Any CPU.ActiveCfg = Debug|Any CPU
		{3DCE666B-4DF3-4E79-8AF7-2AEAE586A8CA}.Release|Any CPU.ActiveCfg = Release|Any CPU
	EndGlobalSection
	GlobalSection(SolutionProperties) = preSolution
		HideSolutionNode = FALSE
	EndGlobalSection
EndGlobal
